
Microsoft Visual Studio Solution File, Format Version 12.00
# Visual Studio Version 17
VisualStudioVersion = 17.7.34018.315
MinimumVisualStudioVersion = 10.0.40219.1
Project("{FAE04EC0-301F-11D3-BF4B-00C04F79EFBC}") = "Ecommerce_Akash_Store", "Ecommerce_Akash_Store\Ecommerce_Akash_Store.csproj", "{15500824-7C56-4AB6-9BC1-AC814033A350}"
EndProject
Global
	GlobalSection(SolutionConfigurationPlatforms) = preSolution
		Debug|Any CPU = Debug|Any CPU
		Release|Any CPU = Release|Any CPU
	EndGlobalSection
	GlobalSection(ProjectConfigurationPlatforms) = postSolution
		{15500824-7C56-4AB6-9BC1-AC814033A350}.Debug|Any CPU.ActiveCfg = Debug|Any CPU
		{15500824-7C56-4AB6-9BC1-AC814033A350}.Debug|Any CPU.Build.0 = Debug|Any CPU
		{15500824-7C56-4AB6-9BC1-AC814033A350}.Release|Any CPU.ActiveCfg = Release|Any CPU
		{15500824-7C56-4AB6-9BC1-AC814033A350}.Release|Any CPU.Build.0 = Release|Any CPU
	EndGlobalSection
	GlobalSection(SolutionProperties) = preSolution
		HideSolutionNode = FALSE
	EndGlobalSection
	GlobalSection(ExtensibilityGlobals) = postSolution
		SolutionGuid = {902D06DA-CFDA-4C58-8F4B-42A329676E93}
	EndGlobalSection
EndGlobal
